
Microsoft Visual Studio Solution File, Format Version 12.00
# Visual Studio Version 17
VisualStudioVersion = 17.5.33530.505
MinimumVisualStudioVersion = 10.0.40219.1
Project("{FAE04EC0-301F-11D3-BF4B-00C04F79EFBC}") = "APIProject", "APIProject\APIProject.csproj", "{04A32315-83EE-4DBE-B81C-2165B1131947}"
EndProject
Global
	GlobalSection(SolutionConfigurationPlatforms) = preSolution
		Debug|Any CPU = Debug|Any CPU
		Release|Any CPU = Release|Any CPU
	EndGlobalSection
	GlobalSection(ProjectConfigurationPlatforms) = postSolution
		{04A32315-83EE-4DBE-B81C-2165B1131947}.Debug|Any CPU.ActiveCfg = Debug|Any CPU
		{04A32315-83EE-4DBE-B81C-2165B1131947}.Debug|Any CPU.Build.0 = Debug|Any CPU
		{04A32315-83EE-4DBE-B81C-2165B1131947}.Release|Any CPU.ActiveCfg = Release|Any CPU
		{04A32315-83EE-4DBE-B81C-2165B1131947}.Release|Any CPU.Build.0 = Release|Any CPU
	EndGlobalSection
	GlobalSection(SolutionProperties) = preSolution
		HideSolutionNode = FALSE
	EndGlobalSection
	GlobalSection(ExtensibilityGlobals) = postSolution
		SolutionGuid = {70B22C86-9010-4E4B-BB54-7C91D65A646F}
	EndGlobalSection
EndGlobal
